
Microsoft Visual Studio Solution File, Format Version 12.00
# Visual Studio 15
VisualStudioVersion = 15.0.27130.2036
MinimumVisualStudioVersion = 10.0.40219.1
Project("{2150E333-8FDC-42A3-9474-1A3956D46DE8}") = "Source", "Source", "{1A2E3556-C4CC-448F-A73B-4BB5772C7C6A}"
EndProject
Project("{FAE04EC0-301F-11D3-BF4B-00C04F79EFBC}") = "ToracLibrary.Core", "Source\ToracLibrary.Core\ToracLibrary.Core.csproj", "{8E0E1685-D77E-4447-9F3B-3E025A2BE642}"
EndProject
Project("{FAE04EC0-301F-11D3-BF4B-00C04F79EFBC}") = "ToracLibrary.Caching", "Source\ToracLibrary.Caching\ToracLibrary.Caching.csproj", "{4B54CAFC-EB31-4542-9B6C-8641D30A2C36}"
EndProject
Project("{FAE04EC0-301F-11D3-BF4B-00C04F79EFBC}") = "ToracLibrary.ActiveDirectory", "Source\ToracLibrary.ActiveDirectory\ToracLibrary.ActiveDirectory.csproj", "{FAA015E4-8B3A-4C97-9AB3-71D18075A8D1}"
EndProject
Project("{FAE04EC0-301F-11D3-BF4B-00C04F79EFBC}") = "ToracLibrary.AspNet", "Source\ToracLibrary.AspNet\ToracLibrary.AspNet.csproj", "{1ADB72E4-A808-4BB3-B780-3A591197ED97}"
EndProject
Project("{FAE04EC0-301F-11D3-BF4B-00C04F79EFBC}") = "ToracLibrary.Core.Email", "Source\ToracLibrary.Core.Email\ToracLibrary.Core.Email.csproj", "{1E76D29F-435B-4874-BB7A-6A1D386558EE}"
EndProject
Project("{FAE04EC0-301F-11D3-BF4B-00C04F79EFBC}") = "ToracLibrary.Core.DataProviders.EntityFrameworkDP", "Source\ToracLibrary.Core.EntityFrameworkDP\ToracLibrary.Core.DataProviders.EntityFrameworkDP.csproj", "{1361FC86-9A14-437A-B256-2FAD1FEBF8A9}"
EndProject
Project("{FAE04EC0-301F-11D3-BF4B-00C04F79EFBC}") = "ToracLibrary.DIContainer", "Source\ToracLibrary.DIContainer\ToracLibrary.DIContainer.csproj", "{88DD2FD5-A146-420E-979E-801ED848064A}"
EndProject
Project("{FAE04EC0-301F-11D3-BF4B-00C04F79EFBC}") = "ToracLibrary.DynamicRunTime", "Source\ToracLibrary.DynamicRunTime\ToracLibrary.DynamicRunTime.csproj", "{F70021E8-EF11-4418-88BC-7BDDC310E0E2}"
EndProject
Project("{FAE04EC0-301F-11D3-BF4B-00C04F79EFBC}") = "ToracLibrary.ExcelEPPlus", "Source\ToracLibrary.ExcelEPPlus\ToracLibrary.ExcelEPPlus.csproj", "{AEA007D5-3B50-47C1-9038-230739AB7A1C}"
EndProject
Project("{FAE04EC0-301F-11D3-BF4B-00C04F79EFBC}") = "ToracLibrary.Core.FileZipper", "Source\ToracLibrary.FileZipper\ToracLibrary.Core.FileZipper.csproj", "{D8615768-5F88-4A35-9A03-F75FB37D6FC7}"
EndProject
Project("{FAE04EC0-301F-11D3-BF4B-00C04F79EFBC}") = "ToracLibrary.ITextSharpPdfAPI", "Source\ToracLibrary.ITextSharpPdfAPI\ToracLibrary.ITextSharpPdfAPI.csproj", "{B2B414B4-9E74-4773-AB4F-9C4560A64A53}"
EndProject
Project("{FAE04EC0-301F-11D3-BF4B-00C04F79EFBC}") = "ToracLibrary.Log4NetWrapper", "Source\ToracLibrary.Log4NetWrapper\ToracLibrary.Log4NetWrapper.csproj", "{2FEA2511-10A1-4D68-BF85-05E5E0AECBA3}"
EndProject
Project("{FAE04EC0-301F-11D3-BF4B-00C04F79EFBC}") = "ToracLibrary.MsMqServer", "Source\ToracLibrary.MsMqServer\ToracLibrary.MsMqServer.csproj", "{9053FFE0-E084-4AD4-BF63-5414E4547F38}"
EndProject
Project("{FAE04EC0-301F-11D3-BF4B-00C04F79EFBC}") = "ToracLibrary.Serialization", "Source\ToracLibrary.Serialization\ToracLibrary.Serialization.csproj", "{34CC1C49-3B3C-44A1-8183-D2C25B1BE8CE}"
EndProject
Project("{2150E333-8FDC-42A3-9474-1A3956D46DE8}") = "UnitTests", "UnitTests", "{54B50F9B-ACCC-4AC4-BBC1-4C053364A487}"
EndProject
Project("{2150E333-8FDC-42A3-9474-1A3956D46DE8}") = "LessCommon", "LessCommon", "{264DB62C-6C82-490B-922A-6369B851BB37}"
EndProject
Project("{2150E333-8FDC-42A3-9474-1A3956D46DE8}") = "Docs", "Docs", "{2D6FFD4E-7DB1-48A4-B727-03AA24B0F714}"
EndProject
Project("{2150E333-8FDC-42A3-9474-1A3956D46DE8}") = "Examples", "Examples", "{E698BD42-EBEF-4D81-AE43-42D430A39932}"
EndProject
Project("{2150E333-8FDC-42A3-9474-1A3956D46DE8}") = "Sql", "Sql", "{20BD18E2-78EC-444C-8490-1984342B40E4}"
	ProjectSection(SolutionItems) = preProject
		Docs\Examples\Sql\AllSubstringsBetween2Characters.sql = Docs\Examples\Sql\AllSubstringsBetween2Characters.sql
		Docs\Examples\Sql\BitMask.sql = Docs\Examples\Sql\BitMask.sql
		CTEWithHierarchySorting.sql = CTEWithHierarchySorting.sql
		Docs\Examples\Sql\Json\Documentation.sql = Docs\Examples\Sql\Json\Documentation.sql
		Docs\Examples\Sql\DropManagementStudioCache.sql = Docs\Examples\Sql\DropManagementStudioCache.sql
		Docs\Examples\Sql\EXECWInsert.sql = Docs\Examples\Sql\EXECWInsert.sql
		Docs\Examples\Sql\Merge.sql = Docs\Examples\Sql\Merge.sql
		Docs\Examples\Sql\OpenQuery.sql = Docs\Examples\Sql\OpenQuery.sql
		Docs\Examples\Sql\PerformanceScripts.sql = Docs\Examples\Sql\PerformanceScripts.sql
		Docs\Examples\Sql\Pivot.sql = Docs\Examples\Sql\Pivot.sql
		Docs\Examples\Sql\RebuildAllIndexesInTableScript.sql = Docs\Examples\Sql\RebuildAllIndexesInTableScript.sql
		Docs\Examples\Sql\RecursiveQueryWithCTE.sql = Docs\Examples\Sql\RecursiveQueryWithCTE.sql
		Docs\Examples\Sql\RemoveAllForeignsInDb.sql = Docs\Examples\Sql\RemoveAllForeignsInDb.sql
		Docs\Examples\Sql\SelectInto.sql = Docs\Examples\Sql\SelectInto.sql
		Docs\Examples\Sql\Transaction.sql = Docs\Examples\Sql\Transaction.sql
		Docs\Examples\Sql\UpdateWithAJoin.sql = Docs\Examples\Sql\UpdateWithAJoin.sql
	EndProjectSection
EndProject
Project("{2150E333-8FDC-42A3-9474-1A3956D46DE8}") = "ASP", "ASP", "{B601D20B-28F9-4743-B310-7AF0401ADE64}"
	ProjectSection(SolutionItems) = preProject
		Docs\Examples\ASP\GetConfigurationForSpecificSection.txt = Docs\Examples\ASP\GetConfigurationForSpecificSection.txt
		Docs\Examples\ASP\ModifyUrlsOrGetSpecificPartOfUrl.txt = Docs\Examples\ASP\ModifyUrlsOrGetSpecificPartOfUrl.txt
		Docs\Examples\ASP\OtherFileTransforms.txt = Docs\Examples\ASP\OtherFileTransforms.txt
		Docs\Examples\ASP\WebConfigTransformation.txt = Docs\Examples\ASP\WebConfigTransformation.txt
		Docs\Examples\ASP\WindowsAuthRestrictedUsers.txt = Docs\Examples\ASP\WindowsAuthRestrictedUsers.txt
	EndProjectSection
EndProject
Project("{2150E333-8FDC-42A3-9474-1A3956D46DE8}") = "OWIN", "OWIN", "{A62FCACC-7419-4247-86D5-E13055360C74}"
	ProjectSection(SolutionItems) = preProject
		Docs\Examples\ASP\OWIN\SimpleExampleOfFormsAuthentication.txt = Docs\Examples\ASP\OWIN\SimpleExampleOfFormsAuthentication.txt
	EndProjectSection
EndProject
Project("{2150E333-8FDC-42A3-9474-1A3956D46DE8}") = "Exchange", "Exchange", "{1B27893B-DD7E-42C3-8851-BB1D1CCA45D8}"
	ProjectSection(SolutionItems) = preProject
		Docs\Examples\Exchange\GettingContactsFromExchange.txt = Docs\Examples\Exchange\GettingContactsFromExchange.txt
	EndProjectSection
EndProject
Project("{2150E333-8FDC-42A3-9474-1A3956D46DE8}") = "IIS", "IIS", "{80C20C8B-3333-4DB3-BA5F-00AF094740E3}"
	ProjectSection(SolutionItems) = preProject
		Docs\Examples\IIS\Bind Multiple SSL Sites To 1 IP.txt = Docs\Examples\IIS\Bind Multiple SSL Sites To 1 IP.txt
		Docs\Examples\IIS\LogParser.txt = Docs\Examples\IIS\LogParser.txt
	EndProjectSection
EndProject
Project("{2150E333-8FDC-42A3-9474-1A3956D46DE8}") = "JqGrid", "JqGrid", "{C7F1AA86-12F6-4218-A35F-87373F77338C}"
	ProjectSection(SolutionItems) = preProject
		Docs\Examples\ASP\JqGrid\CalendarForInlineFilteringDate.txt = Docs\Examples\ASP\JqGrid\CalendarForInlineFilteringDate.txt
		Docs\Examples\ASP\JqGrid\Example.txt = Docs\Examples\ASP\JqGrid\Example.txt
	EndProjectSection
EndProject
Project("{2150E333-8FDC-42A3-9474-1A3956D46DE8}") = "Reflection", "Reflection", "{63F3E398-AD90-47DA-A77E-7C21205C06DC}"
	ProjectSection(SolutionItems) = preProject
		Docs\Examples\Reflection\ChildPropertyInfoExample.txt = Docs\Examples\Reflection\ChildPropertyInfoExample.txt
		Docs\Examples\Reflection\SubPropertyChildMemberExpressionExample.txt = Docs\Examples\Reflection\SubPropertyChildMemberExpressionExample.txt
	EndProjectSection
EndProject
Project("{FAE04EC0-301F-11D3-BF4B-00C04F79EFBC}") = "ToracLibrary.Graphics", "Source\ToracLibrary.Graphics\ToracLibrary.Graphics.csproj", "{F4C01A7E-D029-41DE-983F-5709E4D5D8D7}"
EndProject
Project("{2150E333-8FDC-42A3-9474-1A3956D46DE8}") = "Xml Columns", "Xml Columns", "{42C99685-BF13-4DA7-856B-D1F4FBDC3D18}"
	ProjectSection(SolutionItems) = preProject
		Docs\Examples\Sql\Xml Column\CrossApplyWithXmlColumn.sql = Docs\Examples\Sql\Xml Column\CrossApplyWithXmlColumn.sql
		Docs\Examples\Sql\Xml Column\DeleteNode.sql = Docs\Examples\Sql\Xml Column\DeleteNode.sql
		Docs\Examples\Sql\Xml Column\DynamicUpdateWithVariableOrColumn.sql = Docs\Examples\Sql\Xml Column\DynamicUpdateWithVariableOrColumn.sql
		Docs\Examples\Sql\Xml Column\EntityFrameworkCallInline.txt = Docs\Examples\Sql\Xml Column\EntityFrameworkCallInline.txt
		Docs\Examples\Sql\Xml Column\ExistsQuery.sql = Docs\Examples\Sql\Xml Column\ExistsQuery.sql
		Docs\Examples\Sql\Xml Column\InClause.sql = Docs\Examples\Sql\Xml Column\InClause.sql
		Docs\Examples\Sql\Xml Column\Insert.sql = Docs\Examples\Sql\Xml Column\Insert.sql
		Docs\Examples\Sql\Xml Column\InsertNode.sql = Docs\Examples\Sql\Xml Column\InsertNode.sql
		Docs\Examples\Sql\Xml Column\QueryXMLColumnDataType.sql = Docs\Examples\Sql\Xml Column\QueryXMLColumnDataType.sql
		Docs\Examples\Sql\Xml Column\ReturnXmlNodeInSelect.sql = Docs\Examples\Sql\Xml Column\ReturnXmlNodeInSelect.sql
		Docs\Examples\Sql\Xml Column\Select.sql = Docs\Examples\Sql\Xml Column\Select.sql
		Docs\Examples\Sql\Xml Column\Update.sql = Docs\Examples\Sql\Xml Column\Update.sql
		Docs\Examples\Sql\Xml Column\UpdateXmlAttributeColumn.sql = Docs\Examples\Sql\Xml Column\UpdateXmlAttributeColumn.sql
		Docs\Examples\Sql\Xml Column\UpdateXmlElementColumn.sql = Docs\Examples\Sql\Xml Column\UpdateXmlElementColumn.sql
	EndProjectSection
EndProject
Project("{2150E333-8FDC-42A3-9474-1A3956D46DE8}") = "EntityFramework", "EntityFramework", "{58EBAB86-E024-4D03-8D67-06C2583ED914}"
	ProjectSection(SolutionItems) = preProject
		Docs\Examples\EntityFramework\Code First Migration Commands.txt = Docs\Examples\EntityFramework\Code First Migration Commands.txt
		Docs\Examples\EntityFramework\Database Initalization Strategies.txt = Docs\Examples\EntityFramework\Database Initalization Strategies.txt
		Docs\Examples\EntityFramework\EF Core - Notes.txt = Docs\Examples\EntityFramework\EF Core - Notes.txt
		Docs\Examples\EntityFramework\FluentApi.txt = Docs\Examples\EntityFramework\FluentApi.txt
	EndProjectSection
EndProject
Project("{FAE04EC0-301F-11D3-BF4B-00C04F79EFBC}") = "ToracLibrary.PdfClownAPI", "Source\ToracLibrary.PdfClownAPI\ToracLibrary.PdfClownAPI.csproj", "{1BF3F816-8435-419D-B281-495F5752560D}"
EndProject
Project("{FAE04EC0-301F-11D3-BF4B-00C04F79EFBC}") = "ToracLibrary.HtmlToPdfConverterTuesPechkin", "Source\ToracLibrary.ExcelConverterTuesPechkin\ToracLibrary.HtmlToPdfConverterTuesPechkin.csproj", "{1B01542F-B7D8-4AB6-AB53-FBBBAC178FB3}"
EndProject
Project("{2150E333-8FDC-42A3-9474-1A3956D46DE8}") = "ExpressionTrees", "ExpressionTrees", "{699639FD-86BE-4493-83D7-1811A6CBCC95}"
	ProjectSection(SolutionItems) = preProject
		Docs\Examples\ExpressionTrees\JsonSerializerUsingExpTrees.cs = Docs\Examples\ExpressionTrees\JsonSerializerUsingExpTrees.cs
	EndProjectSection
EndProject
Project("{FAE04EC0-301F-11D3-BF4B-00C04F79EFBC}") = "ToracLibrary.Serialization.JasonSerializer", "Source\ToracLibrary.Serialization.JasonSerializer\ToracLibrary.Serialization.JasonSerializer.csproj", "{AD38F21A-8A57-45B0-A3DA-5E85A9038C2B}"
EndProject
Project("{FAE04EC0-301F-11D3-BF4B-00C04F79EFBC}") = "ToracLibrary.HtmlParsing", "Source\ToracLibrary.HtmlParsing\ToracLibrary.HtmlParsing.csproj", "{20F8AE75-74F3-4A3E-8E17-5E3E2CDBAC88}"
EndProject
Project("{2150E333-8FDC-42A3-9474-1A3956D46DE8}") = "NuGet", "NuGet", "{4A6E596F-60F5-4908-A576-5C21406098E6}"
	ProjectSection(SolutionItems) = preProject
		Docs\Examples\Nuget\CreatingNugetPackages.txt = Docs\Examples\Nuget\CreatingNugetPackages.txt
		Docs\Examples\Nuget\NuGetConsoleCommands.txt = Docs\Examples\Nuget\NuGetConsoleCommands.txt
	EndProjectSection
EndProject
Project("{2150E333-8FDC-42A3-9474-1A3956D46DE8}") = "RemoteDesktop", "RemoteDesktop", "{43E1348F-A391-44E2-923D-36850F0C86CE}"
	ProjectSection(SolutionItems) = preProject
		Docs\Examples\RemoteDesktop\RemoteDesktopNotes.txt = Docs\Examples\RemoteDesktop\RemoteDesktopNotes.txt
	EndProjectSection
EndProject
Project("{2150E333-8FDC-42A3-9474-1A3956D46DE8}") = "TFS", "TFS", "{C7323988-B22E-4B50-AA8B-6279528B7CBD}"
	ProjectSection(SolutionItems) = preProject
		Docs\Examples\Tfs\AutomatedBuildCommand.txt = Docs\Examples\Tfs\AutomatedBuildCommand.txt
		Docs\Examples\Tfs\BaselessMerge.txt = Docs\Examples\Tfs\BaselessMerge.txt
	EndProjectSection
EndProject
Project("{2150E333-8FDC-42A3-9474-1A3956D46DE8}") = "JSON", "JSON", "{D350B534-F0A2-4C8C-9368-076E53435B83}"
	ProjectSection(SolutionItems) = preProject
		Docs\Examples\Sql\Json\Documentation.sql = Docs\Examples\Sql\Json\Documentation.sql
	EndProjectSection
EndProject
Project("{FAE04EC0-301F-11D3-BF4B-00C04F79EFBC}") = "ToracLibrary.Redis", "Source\ToracLibrary.Redis\ToracLibrary.Redis.csproj", "{7556230B-F7A2-4899-A1C4-CD40EF768C87}"
EndProject
Project("{2150E333-8FDC-42A3-9474-1A3956D46DE8}") = "SqlSession", "SqlSession", "{757A527E-C5CE-4194-B98C-C9FFB022A508}"
	ProjectSection(SolutionItems) = preProject
		Docs\Examples\SqlSession\DirectionsToInstallInDb.txt = Docs\Examples\SqlSession\DirectionsToInstallInDb.txt
	EndProjectSection
EndProject
Project("{2150E333-8FDC-42A3-9474-1A3956D46DE8}") = "AutoMapper", "AutoMapper", "{949F038C-3624-418D-AB51-245F72EB5FC8}"
	ProjectSection(SolutionItems) = preProject
		Docs\Examples\AutoMapper\Directions.txt = Docs\Examples\AutoMapper\Directions.txt
	EndProjectSection
EndProject
Project("{FAE04EC0-301F-11D3-BF4B-00C04F79EFBC}") = "ToracLibrary.UnitTest", "Source\ToracLibrary.UnitTest\ToracLibrary.UnitTest.csproj", "{68CA28A4-B7EF-4FFF-8896-E328EF0F83F5}"
EndProject
Project("{2150E333-8FDC-42A3-9474-1A3956D46DE8}") = "Html-Js-Jquery", "Html-Js-Jquery", "{62EF8EBF-686A-4D35-8A1E-98DA7A289192}"
	ProjectSection(SolutionItems) = preProject
		Docs\Examples\Html-Js-Jquery\FadedTextShowHideDiv.txt = Docs\Examples\Html-Js-Jquery\FadedTextShowHideDiv.txt
		Docs\Examples\Html-Js-Jquery\FileReaderWithPromise.txt = Docs\Examples\Html-Js-Jquery\FileReaderWithPromise.txt
		Docs\Examples\Html-Js-Jquery\UploadFileInPostUsingJQuery.txt = Docs\Examples\Html-Js-Jquery\UploadFileInPostUsingJQuery.txt
	EndProjectSection
EndProject
Project("{2150E333-8FDC-42A3-9474-1A3956D46DE8}") = "Benchmarking", "Benchmarking", "{DD45C6EB-DC9A-46F2-B6E9-03B9570508BC}"
	ProjectSection(SolutionItems) = preProject
		Docs\Examples\Benchmarking\BenchmarkDotNet.txt = Docs\Examples\Benchmarking\BenchmarkDotNet.txt
	EndProjectSection
EndProject
Project("{2150E333-8FDC-42A3-9474-1A3956D46DE8}") = "Redis", "Redis", "{B01E17FD-798E-4792-9F7B-E55E59029240}"
	ProjectSection(SolutionItems) = preProject
		Docs\Examples\Redis\RedisDocumentation.txt = Docs\Examples\Redis\RedisDocumentation.txt
	EndProjectSection
EndProject
Project("{2150E333-8FDC-42A3-9474-1A3956D46DE8}") = "ElasticSearch", "ElasticSearch", "{F77A9BE3-EC01-4A74-86D6-3E6F2FA2116A}"
	ProjectSection(SolutionItems) = preProject
		Docs\Examples\ElasticSearch\Notes.txt = Docs\Examples\ElasticSearch\Notes.txt
	EndProjectSection
EndProject
Project("{2150E333-8FDC-42A3-9474-1A3956D46DE8}") = "DragAndDrop", "DragAndDrop", "{65983FDE-C29D-4B1C-AFA6-887BCE3BD798}"
	ProjectSection(SolutionItems) = preProject
		Docs\Examples\Html-Js-Jquery\DragAndDrop\DragAndDrop.js = Docs\Examples\Html-Js-Jquery\DragAndDrop\DragAndDrop.js
		Docs\Examples\Html-Js-Jquery\DragAndDrop\DragAndDropToNativeUploadElement.txt = Docs\Examples\Html-Js-Jquery\DragAndDrop\DragAndDropToNativeUploadElement.txt
	EndProjectSection
EndProject
Project("{FAE04EC0-301F-11D3-BF4B-00C04F79EFBC}") = "ToracLibrary.Parser", "Source\ToracLibrary.Parser\ToracLibrary.Parser.csproj", "{B2208AE9-64F8-4D15-AB56-F8847FCA00BB}"
EndProject
Project("{2150E333-8FDC-42A3-9474-1A3956D46DE8}") = "NLog", "NLog", "{7CE442B0-1E75-4B90-87CC-3D6435F5B20A}"
	ProjectSection(SolutionItems) = preProject
		Docs\Examples\NLog\Notes.txt = Docs\Examples\NLog\Notes.txt
	EndProjectSection
EndProject
Project("{FAE04EC0-301F-11D3-BF4B-00C04F79EFBC}") = "ToracLibrary.AspNet.AspNetMVC.Mocking", "Source\ToracLibrary.AspNet.AspNetMVC.Mocking\ToracLibrary.AspNet.AspNetMVC.Mocking.csproj", "{8AFCBC5F-6763-4195-8211-CDD3B7496CCA}"
EndProject
Project("{FAE04EC0-301F-11D3-BF4B-00C04F79EFBC}") = "ToracLibrary.AspNet.AspNetMVC", "Source\ToracLibrary.AspNet.AspNetMVC\ToracLibrary.AspNet.AspNetMVC.csproj", "{B38A458B-00B6-4EE4-9A90-26E29490F3E8}"
EndProject
Project("{FAE04EC0-301F-11D3-BF4B-00C04F79EFBC}") = "ToracLibrary.HttpClientService", "Source\ToracLibrary.HttpClientService\ToracLibrary.HttpClientService.csproj", "{5F42CB80-4775-4B00-9872-550B79F69F9F}"
EndProject
Project("{2150E333-8FDC-42A3-9474-1A3956D46DE8}") = "Moq", "Moq", "{ABF6CC66-CA69-442C-BBAC-2EC7B5F7A6AA}"
	ProjectSection(SolutionItems) = preProject
		Docs\Examples\Moq\CallBack.txt = Docs\Examples\Moq\CallBack.txt
		Docs\Examples\Moq\MixAndMatchInterfaceAndImplementation.txt = Docs\Examples\Moq\MixAndMatchInterfaceAndImplementation.txt
		Docs\Examples\Moq\MoqHttpRequest.txt = Docs\Examples\Moq\MoqHttpRequest.txt
	EndProjectSection
EndProject
Project("{2150E333-8FDC-42A3-9474-1A3956D46DE8}") = "Git", "Git", "{9D0F7A31-2CA8-453B-AA92-33F422F6000B}"
	ProjectSection(SolutionItems) = preProject
		Docs\Examples\Git\CommandLine.txt = Docs\Examples\Git\CommandLine.txt
	EndProjectSection
EndProject
Project("{2150E333-8FDC-42A3-9474-1A3956D46DE8}") = "AspNetCore", "AspNetCore", "{6B3B89CA-FE44-4F2B-96CC-5541865518B4}"
	ProjectSection(SolutionItems) = preProject
		Docs\Examples\Asp.NetCore\AntiforgeryToken.txt = Docs\Examples\Asp.NetCore\AntiforgeryToken.txt
		Docs\Examples\Asp.NetCore\Configuration.txt = Docs\Examples\Asp.NetCore\Configuration.txt
		Docs\Examples\Asp.NetCore\ConsoleAppW-DIContainer-Logging-AppSettings.txt = Docs\Examples\Asp.NetCore\ConsoleAppW-DIContainer-Logging-AppSettings.txt
		Docs\Examples\Asp.NetCore\HotModuleReloading.txt = Docs\Examples\Asp.NetCore\HotModuleReloading.txt
		Docs\Examples\Asp.NetCore\IgnoreBadCert.txt = Docs\Examples\Asp.NetCore\IgnoreBadCert.txt
		Docs\Examples\Asp.NetCore\ModelBinding.txt = Docs\Examples\Asp.NetCore\ModelBinding.txt
		Docs\Examples\Asp.NetCore\ModelValidationMethod.txt = Docs\Examples\Asp.NetCore\ModelValidationMethod.txt
		Docs\Examples\Asp.NetCore\MultiEnvOnSameServer.txt = Docs\Examples\Asp.NetCore\MultiEnvOnSameServer.txt
		Docs\Examples\Asp.NetCore\NavMenuSetActiveClass.txt = Docs\Examples\Asp.NetCore\NavMenuSetActiveClass.txt
		Docs\Examples\Asp.NetCore\Security.txt = Docs\Examples\Asp.NetCore\Security.txt
		Docs\Examples\Asp.NetCore\Solution.txt = Docs\Examples\Asp.NetCore\Solution.txt
	EndProjectSection
EndProject
Project("{2150E333-8FDC-42A3-9474-1A3956D46DE8}") = "XUnit", "XUnit", "{4AD2786D-3245-49FA-A268-DB7AA9335A4E}"
	ProjectSection(SolutionItems) = preProject
		Docs\Examples\XUnit\UnitTestDiscoveryNotWorking.txt = Docs\Examples\XUnit\UnitTestDiscoveryNotWorking.txt
	EndProjectSection
EndProject
Project("{2150E333-8FDC-42A3-9474-1A3956D46DE8}") = "HttpClient", "HttpClient", "{7E0C16C9-31D2-4DA0-B5DE-7114EED64DF9}"
	ProjectSection(SolutionItems) = preProject
		Docs\Examples\HttpClient\CookieContainer.txt = Docs\Examples\HttpClient\CookieContainer.txt
	EndProjectSection
EndProject
Project("{2150E333-8FDC-42A3-9474-1A3956D46DE8}") = "WebPack", "WebPack", "{9B06E13C-5336-4E41-BD20-F876EBB517CF}"
	ProjectSection(SolutionItems) = preProject
		Docs\Examples\WebPack\CleanupDistributionFolder.txt = Docs\Examples\WebPack\CleanupDistributionFolder.txt
		Docs\Examples\WebPack\CompileDownToEs5.txt = Docs\Examples\WebPack\CompileDownToEs5.txt
		Docs\Examples\WebPack\DebuggingWithSourceMaps.txt = Docs\Examples\WebPack\DebuggingWithSourceMaps.txt
		Docs\Examples\WebPack\DllPlugin_VendorInAnotherConfig.txt = Docs\Examples\WebPack\DllPlugin_VendorInAnotherConfig.txt
		Docs\Examples\WebPack\DynamicEntryPointsBasedOnFiles.txt = Docs\Examples\WebPack\DynamicEntryPointsBasedOnFiles.txt
		Docs\Examples\WebPack\MultipleConfigFiles.txt = Docs\Examples\WebPack\MultipleConfigFiles.txt
		Docs\Examples\WebPack\MultipleFileConfigurations.txt = Docs\Examples\WebPack\MultipleFileConfigurations.txt
		Docs\Examples\WebPack\StandardConfig\package.json.txt = Docs\Examples\WebPack\StandardConfig\package.json.txt
		Docs\Examples\WebPack\VendorBundles.txt = Docs\Examples\WebPack\VendorBundles.txt
		Docs\Examples\WebPack\WebPackInGulp.txt = Docs\Examples\WebPack\WebPackInGulp.txt
	EndProjectSection
EndProject
Project("{2150E333-8FDC-42A3-9474-1A3956D46DE8}") = "Gulp", "Gulp", "{524170C6-F0E4-413E-B134-9C434AD672C7}"
	ProjectSection(SolutionItems) = preProject
		Docs\Examples\Gulp\WatchTasks.txt = Docs\Examples\Gulp\WatchTasks.txt
	EndProjectSection
EndProject
Project("{2150E333-8FDC-42A3-9474-1A3956D46DE8}") = "Fiddler", "Fiddler", "{F38DF9D9-EE31-4D25-BF05-6089DE3C2667}"
	ProjectSection(SolutionItems) = preProject
		Docs\Examples\Fiddler\DPI Aware.txt = Docs\Examples\Fiddler\DPI Aware.txt
		Docs\Examples\Fiddler\LocalHostCapturing.txt = Docs\Examples\Fiddler\LocalHostCapturing.txt
	EndProjectSection
EndProject
Project("{2150E333-8FDC-42A3-9474-1A3956D46DE8}") = "Tasks-Threading", "Tasks-Threading", "{E185A4C2-7C2E-4EDB-85FD-2F4237E7EF7B}"
	ProjectSection(SolutionItems) = preProject
		Docs\Examples\Tasks-Threading\AwaitMultipleTasks.txt = Docs\Examples\Tasks-Threading\AwaitMultipleTasks.txt
	EndProjectSection
EndProject
Project("{2150E333-8FDC-42A3-9474-1A3956D46DE8}") = "JSON", "JSON", "{51324BBD-53A9-4122-8FDD-F2C0FEF98F37}"
	ProjectSection(SolutionItems) = preProject
		Docs\Examples\JSON\HttpPostWithJsonData.txt = Docs\Examples\JSON\HttpPostWithJsonData.txt
	EndProjectSection
EndProject
Project("{2150E333-8FDC-42A3-9474-1A3956D46DE8}") = "Javascript", "Javascript", "{FC5055AE-E75B-4DFE-9CD9-D9A902C9201C}"
	ProjectSection(SolutionItems) = preProject
		Docs\Examples\Javascript\Es6Modules.txt = Docs\Examples\Javascript\Es6Modules.txt
	EndProjectSection
EndProject
Project("{2150E333-8FDC-42A3-9474-1A3956D46DE8}") = "AspNetMVC", "AspNetMVC", "{03E40FED-AE23-4A4C-B2F6-1699AAA9668D}"
	ProjectSection(SolutionItems) = preProject
		Docs\Examples\AspNetMVC\DefaultDisplayForModel.txt = Docs\Examples\AspNetMVC\DefaultDisplayForModel.txt
		Docs\Examples\AspNetMVC\FormsAuthNoRedirectOnAjaxCall.txt = Docs\Examples\AspNetMVC\FormsAuthNoRedirectOnAjaxCall.txt
		Docs\Examples\AspNetMVC\NestedLayouts.txt = Docs\Examples\AspNetMVC\NestedLayouts.txt
		Docs\Examples\AspNetMVC\UrlHelperInController.txt = Docs\Examples\AspNetMVC\UrlHelperInController.txt
	EndProjectSection
EndProject
Project("{2150E333-8FDC-42A3-9474-1A3956D46DE8}") = "DefaultConfig", "DefaultConfig", "{65BA974C-97F4-4643-BBF2-71CC3CF47F17}"
	ProjectSection(SolutionItems) = preProject
		Docs\Examples\WebPack\StandardConfig\EntryPointExample.txt = Docs\Examples\WebPack\StandardConfig\EntryPointExample.txt
		Docs\Examples\WebPack\StandardConfig\package.json.txt = Docs\Examples\WebPack\StandardConfig\package.json.txt
		Docs\Examples\WebPack\StandardConfig\webpack.config.js = Docs\Examples\WebPack\StandardConfig\webpack.config.js
		Docs\Examples\WebPack\StandardConfig\webpack.config.vendor.js = Docs\Examples\WebPack\StandardConfig\webpack.config.vendor.js
	EndProjectSection
EndProject
Project("{2150E333-8FDC-42A3-9474-1A3956D46DE8}") = "VueJs", "VueJs", "{CD2FE6F1-73BB-4D63-AA93-7CCAF2753EEA}"
	ProjectSection(SolutionItems) = preProject
		Docs\Examples\VueJs\CommandToRunOnNextUIUpdate.txt = Docs\Examples\VueJs\CommandToRunOnNextUIUpdate.txt
		Docs\Examples\VueJs\Slots.txt = Docs\Examples\VueJs\Slots.txt
		Docs\Examples\VueJs\Vue2WayBindingOnCustomComponent.txt = Docs\Examples\VueJs\Vue2WayBindingOnCustomComponent.txt
		Docs\Examples\VueJs\VueJasonGrid.txt = Docs\Examples\VueJs\VueJasonGrid.txt
		Docs\Examples\VueJs\WatchNestedObject.txt = Docs\Examples\VueJs\WatchNestedObject.txt
	EndProjectSection
EndProject
Project("{2150E333-8FDC-42A3-9474-1A3956D46DE8}") = "Node", "Node", "{79FB4D83-DC57-47C7-9F49-A037B4F8A9E8}"
	ProjectSection(SolutionItems) = preProject
		Docs\Examples\Node\Visual Studio Setting.txt = Docs\Examples\Node\Visual Studio Setting.txt
	EndProjectSection
EndProject
Project("{2150E333-8FDC-42A3-9474-1A3956D46DE8}") = "MomentJs", "MomentJs", "{7E31F4B7-C266-4F41-B467-2597B27F9134}"
	ProjectSection(SolutionItems) = preProject
		Docs\Examples\MomentJs\FormatToString.txt = Docs\Examples\MomentJs\FormatToString.txt
	EndProjectSection
EndProject
Project("{2150E333-8FDC-42A3-9474-1A3956D46DE8}") = "StructureMap", "StructureMap", "{8D858705-59A2-4A7D-BCB7-55F179560CDD}"
	ProjectSection(SolutionItems) = preProject
		Docs\Examples\StructureMap\GeneralNotes.txt = Docs\Examples\StructureMap\GeneralNotes.txt
	EndProjectSection
EndProject
Project("{2150E333-8FDC-42A3-9474-1A3956D46DE8}") = "Performance", "Performance", "{7B33F3E4-72BA-4812-BEBA-D039FAC0C0E8}"
EndProject
Project("{FAE04EC0-301F-11D3-BF4B-00C04F79EFBC}") = "ToracLibrary.Performance", "Source\ToracLibrary.Performance\ToracLibrary.Performance.csproj", "{719E873D-E5CF-491B-B370-6A0E3B1BEBBD}"
EndProject
Project("{2150E333-8FDC-42A3-9474-1A3956D46DE8}") = "Sass", "Sass", "{CB0DA6E1-6B65-44CA-9D2E-2D4851D1E608}"
	ProjectSection(SolutionItems) = preProject
		Docs\Examples\Sass\Import Bootstrap Stuff Into App Sass Files.txt = Docs\Examples\Sass\Import Bootstrap Stuff Into App Sass Files.txt
	EndProjectSection
EndProject
Project("{2150E333-8FDC-42A3-9474-1A3956D46DE8}") = "HtmlAgilityPack", "HtmlAgilityPack", "{AC3B22D6-03B0-409A-8602-FF9095070820}"
	ProjectSection(SolutionItems) = preProject
		Docs\Examples\HtmlAgilityPack\HtmlParsingInsteadOfXElement.txt = Docs\Examples\HtmlAgilityPack\HtmlParsingInsteadOfXElement.txt
	EndProjectSection
EndProject
Global
	GlobalSection(SolutionConfigurationPlatforms) = preSolution
		Debug|Any CPU = Debug|Any CPU
		Release|Any CPU = Release|Any CPU
	EndGlobalSection
	GlobalSection(ProjectConfigurationPlatforms) = postSolution
		{8E0E1685-D77E-4447-9F3B-3E025A2BE642}.Debug|Any CPU.ActiveCfg = Debug|Any CPU
		{8E0E1685-D77E-4447-9F3B-3E025A2BE642}.Debug|Any CPU.Build.0 = Debug|Any CPU
		{8E0E1685-D77E-4447-9F3B-3E025A2BE642}.Release|Any CPU.ActiveCfg = Release|Any CPU
		{8E0E1685-D77E-4447-9F3B-3E025A2BE642}.Release|Any CPU.Build.0 = Release|Any CPU
		{4B54CAFC-EB31-4542-9B6C-8641D30A2C36}.Debug|Any CPU.ActiveCfg = Debug|Any CPU
		{4B54CAFC-EB31-4542-9B6C-8641D30A2C36}.Debug|Any CPU.Build.0 = Debug|Any CPU
		{4B54CAFC-EB31-4542-9B6C-8641D30A2C36}.Release|Any CPU.ActiveCfg = Release|Any CPU
		{4B54CAFC-EB31-4542-9B6C-8641D30A2C36}.Release|Any CPU.Build.0 = Release|Any CPU
		{FAA015E4-8B3A-4C97-9AB3-71D18075A8D1}.Debug|Any CPU.ActiveCfg = Debug|Any CPU
		{FAA015E4-8B3A-4C97-9AB3-71D18075A8D1}.Debug|Any CPU.Build.0 = Debug|Any CPU
		{FAA015E4-8B3A-4C97-9AB3-71D18075A8D1}.Release|Any CPU.ActiveCfg = Release|Any CPU
		{FAA015E4-8B3A-4C97-9AB3-71D18075A8D1}.Release|Any CPU.Build.0 = Release|Any CPU
		{1ADB72E4-A808-4BB3-B780-3A591197ED97}.Debug|Any CPU.ActiveCfg = Debug|Any CPU
		{1ADB72E4-A808-4BB3-B780-3A591197ED97}.Debug|Any CPU.Build.0 = Debug|Any CPU
		{1ADB72E4-A808-4BB3-B780-3A591197ED97}.Release|Any CPU.ActiveCfg = Release|Any CPU
		{1ADB72E4-A808-4BB3-B780-3A591197ED97}.Release|Any CPU.Build.0 = Release|Any CPU
		{1E76D29F-435B-4874-BB7A-6A1D386558EE}.Debug|Any CPU.ActiveCfg = Debug|Any CPU
		{1E76D29F-435B-4874-BB7A-6A1D386558EE}.Debug|Any CPU.Build.0 = Debug|Any CPU
		{1E76D29F-435B-4874-BB7A-6A1D386558EE}.Release|Any CPU.ActiveCfg = Release|Any CPU
		{1E76D29F-435B-4874-BB7A-6A1D386558EE}.Release|Any CPU.Build.0 = Release|Any CPU
		{1361FC86-9A14-437A-B256-2FAD1FEBF8A9}.Debug|Any CPU.ActiveCfg = Debug|Any CPU
		{1361FC86-9A14-437A-B256-2FAD1FEBF8A9}.Debug|Any CPU.Build.0 = Debug|Any CPU
		{1361FC86-9A14-437A-B256-2FAD1FEBF8A9}.Release|Any CPU.ActiveCfg = Release|Any CPU
		{1361FC86-9A14-437A-B256-2FAD1FEBF8A9}.Release|Any CPU.Build.0 = Release|Any CPU
		{88DD2FD5-A146-420E-979E-801ED848064A}.Debug|Any CPU.ActiveCfg = Debug|Any CPU
		{88DD2FD5-A146-420E-979E-801ED848064A}.Debug|Any CPU.Build.0 = Debug|Any CPU
		{88DD2FD5-A146-420E-979E-801ED848064A}.Release|Any CPU.ActiveCfg = Release|Any CPU
		{88DD2FD5-A146-420E-979E-801ED848064A}.Release|Any CPU.Build.0 = Release|Any CPU
		{F70021E8-EF11-4418-88BC-7BDDC310E0E2}.Debug|Any CPU.ActiveCfg = Debug|Any CPU
		{F70021E8-EF11-4418-88BC-7BDDC310E0E2}.Debug|Any CPU.Build.0 = Debug|Any CPU
		{F70021E8-EF11-4418-88BC-7BDDC310E0E2}.Release|Any CPU.ActiveCfg = Release|Any CPU
		{F70021E8-EF11-4418-88BC-7BDDC310E0E2}.Release|Any CPU.Build.0 = Release|Any CPU
		{AEA007D5-3B50-47C1-9038-230739AB7A1C}.Debug|Any CPU.ActiveCfg = Debug|Any CPU
		{AEA007D5-3B50-47C1-9038-230739AB7A1C}.Debug|Any CPU.Build.0 = Debug|Any CPU
		{AEA007D5-3B50-47C1-9038-230739AB7A1C}.Release|Any CPU.ActiveCfg = Release|Any CPU
		{AEA007D5-3B50-47C1-9038-230739AB7A1C}.Release|Any CPU.Build.0 = Release|Any CPU
		{D8615768-5F88-4A35-9A03-F75FB37D6FC7}.Debug|Any CPU.ActiveCfg = Debug|Any CPU
		{D8615768-5F88-4A35-9A03-F75FB37D6FC7}.Debug|Any CPU.Build.0 = Debug|Any CPU
		{D8615768-5F88-4A35-9A03-F75FB37D6FC7}.Release|Any CPU.ActiveCfg = Release|Any CPU
		{D8615768-5F88-4A35-9A03-F75FB37D6FC7}.Release|Any CPU.Build.0 = Release|Any CPU
		{B2B414B4-9E74-4773-AB4F-9C4560A64A53}.Debug|Any CPU.ActiveCfg = Debug|Any CPU
		{B2B414B4-9E74-4773-AB4F-9C4560A64A53}.Debug|Any CPU.Build.0 = Debug|Any CPU
		{B2B414B4-9E74-4773-AB4F-9C4560A64A53}.Release|Any CPU.ActiveCfg = Release|Any CPU
		{B2B414B4-9E74-4773-AB4F-9C4560A64A53}.Release|Any CPU.Build.0 = Release|Any CPU
		{2FEA2511-10A1-4D68-BF85-05E5E0AECBA3}.Debug|Any CPU.ActiveCfg = Debug|Any CPU
		{2FEA2511-10A1-4D68-BF85-05E5E0AECBA3}.Debug|Any CPU.Build.0 = Debug|Any CPU
		{2FEA2511-10A1-4D68-BF85-05E5E0AECBA3}.Release|Any CPU.ActiveCfg = Release|Any CPU
		{2FEA2511-10A1-4D68-BF85-05E5E0AECBA3}.Release|Any CPU.Build.0 = Release|Any CPU
		{9053FFE0-E084-4AD4-BF63-5414E4547F38}.Debug|Any CPU.ActiveCfg = Debug|Any CPU
		{9053FFE0-E084-4AD4-BF63-5414E4547F38}.Debug|Any CPU.Build.0 = Debug|Any CPU
		{9053FFE0-E084-4AD4-BF63-5414E4547F38}.Release|Any CPU.ActiveCfg = Release|Any CPU
		{9053FFE0-E084-4AD4-BF63-5414E4547F38}.Release|Any CPU.Build.0 = Release|Any CPU
		{34CC1C49-3B3C-44A1-8183-D2C25B1BE8CE}.Debug|Any CPU.ActiveCfg = Debug|Any CPU
		{34CC1C49-3B3C-44A1-8183-D2C25B1BE8CE}.Debug|Any CPU.Build.0 = Debug|Any CPU
		{34CC1C49-3B3C-44A1-8183-D2C25B1BE8CE}.Release|Any CPU.ActiveCfg = Release|Any CPU
		{34CC1C49-3B3C-44A1-8183-D2C25B1BE8CE}.Release|Any CPU.Build.0 = Release|Any CPU
		{F4C01A7E-D029-41DE-983F-5709E4D5D8D7}.Debug|Any CPU.ActiveCfg = Debug|Any CPU
		{F4C01A7E-D029-41DE-983F-5709E4D5D8D7}.Debug|Any CPU.Build.0 = Debug|Any CPU
		{F4C01A7E-D029-41DE-983F-5709E4D5D8D7}.Release|Any CPU.ActiveCfg = Release|Any CPU
		{F4C01A7E-D029-41DE-983F-5709E4D5D8D7}.Release|Any CPU.Build.0 = Release|Any CPU
		{1BF3F816-8435-419D-B281-495F5752560D}.Debug|Any CPU.ActiveCfg = Debug|Any CPU
		{1BF3F816-8435-419D-B281-495F5752560D}.Debug|Any CPU.Build.0 = Debug|Any CPU
		{1BF3F816-8435-419D-B281-495F5752560D}.Release|Any CPU.ActiveCfg = Release|Any CPU
		{1BF3F816-8435-419D-B281-495F5752560D}.Release|Any CPU.Build.0 = Release|Any CPU
		{1B01542F-B7D8-4AB6-AB53-FBBBAC178FB3}.Debug|Any CPU.ActiveCfg = Debug|Any CPU
		{1B01542F-B7D8-4AB6-AB53-FBBBAC178FB3}.Debug|Any CPU.Build.0 = Debug|Any CPU
		{1B01542F-B7D8-4AB6-AB53-FBBBAC178FB3}.Release|Any CPU.ActiveCfg = Release|Any CPU
		{1B01542F-B7D8-4AB6-AB53-FBBBAC178FB3}.Release|Any CPU.Build.0 = Release|Any CPU
		{AD38F21A-8A57-45B0-A3DA-5E85A9038C2B}.Debug|Any CPU.ActiveCfg = Debug|Any CPU
		{AD38F21A-8A57-45B0-A3DA-5E85A9038C2B}.Debug|Any CPU.Build.0 = Debug|Any CPU
		{AD38F21A-8A57-45B0-A3DA-5E85A9038C2B}.Release|Any CPU.ActiveCfg = Release|Any CPU
		{AD38F21A-8A57-45B0-A3DA-5E85A9038C2B}.Release|Any CPU.Build.0 = Release|Any CPU
		{20F8AE75-74F3-4A3E-8E17-5E3E2CDBAC88}.Debug|Any CPU.ActiveCfg = Debug|Any CPU
		{20F8AE75-74F3-4A3E-8E17-5E3E2CDBAC88}.Debug|Any CPU.Build.0 = Debug|Any CPU
		{20F8AE75-74F3-4A3E-8E17-5E3E2CDBAC88}.Release|Any CPU.ActiveCfg = Release|Any CPU
		{20F8AE75-74F3-4A3E-8E17-5E3E2CDBAC88}.Release|Any CPU.Build.0 = Release|Any CPU
		{7556230B-F7A2-4899-A1C4-CD40EF768C87}.Debug|Any CPU.ActiveCfg = Debug|Any CPU
		{7556230B-F7A2-4899-A1C4-CD40EF768C87}.Debug|Any CPU.Build.0 = Debug|Any CPU
		{7556230B-F7A2-4899-A1C4-CD40EF768C87}.Release|Any CPU.ActiveCfg = Release|Any CPU
		{7556230B-F7A2-4899-A1C4-CD40EF768C87}.Release|Any CPU.Build.0 = Release|Any CPU
		{68CA28A4-B7EF-4FFF-8896-E328EF0F83F5}.Debug|Any CPU.ActiveCfg = Debug|Any CPU
		{68CA28A4-B7EF-4FFF-8896-E328EF0F83F5}.Debug|Any CPU.Build.0 = Debug|Any CPU
		{68CA28A4-B7EF-4FFF-8896-E328EF0F83F5}.Release|Any CPU.ActiveCfg = Release|Any CPU
		{68CA28A4-B7EF-4FFF-8896-E328EF0F83F5}.Release|Any CPU.Build.0 = Release|Any CPU
		{B2208AE9-64F8-4D15-AB56-F8847FCA00BB}.Debug|Any CPU.ActiveCfg = Debug|Any CPU
		{B2208AE9-64F8-4D15-AB56-F8847FCA00BB}.Debug|Any CPU.Build.0 = Debug|Any CPU
		{B2208AE9-64F8-4D15-AB56-F8847FCA00BB}.Release|Any CPU.ActiveCfg = Release|Any CPU
		{B2208AE9-64F8-4D15-AB56-F8847FCA00BB}.Release|Any CPU.Build.0 = Release|Any CPU
		{8AFCBC5F-6763-4195-8211-CDD3B7496CCA}.Debug|Any CPU.ActiveCfg = Debug|Any CPU
		{8AFCBC5F-6763-4195-8211-CDD3B7496CCA}.Debug|Any CPU.Build.0 = Debug|Any CPU
		{8AFCBC5F-6763-4195-8211-CDD3B7496CCA}.Release|Any CPU.ActiveCfg = Release|Any CPU
		{8AFCBC5F-6763-4195-8211-CDD3B7496CCA}.Release|Any CPU.Build.0 = Release|Any CPU
		{B38A458B-00B6-4EE4-9A90-26E29490F3E8}.Debug|Any CPU.ActiveCfg = Debug|Any CPU
		{B38A458B-00B6-4EE4-9A90-26E29490F3E8}.Debug|Any CPU.Build.0 = Debug|Any CPU
		{B38A458B-00B6-4EE4-9A90-26E29490F3E8}.Release|Any CPU.ActiveCfg = Release|Any CPU
		{B38A458B-00B6-4EE4-9A90-26E29490F3E8}.Release|Any CPU.Build.0 = Release|Any CPU
		{5F42CB80-4775-4B00-9872-550B79F69F9F}.Debug|Any CPU.ActiveCfg = Debug|Any CPU
		{5F42CB80-4775-4B00-9872-550B79F69F9F}.Debug|Any CPU.Build.0 = Debug|Any CPU
		{5F42CB80-4775-4B00-9872-550B79F69F9F}.Release|Any CPU.ActiveCfg = Release|Any CPU
		{5F42CB80-4775-4B00-9872-550B79F69F9F}.Release|Any CPU.Build.0 = Release|Any CPU
		{719E873D-E5CF-491B-B370-6A0E3B1BEBBD}.Debug|Any CPU.ActiveCfg = Debug|Any CPU
		{719E873D-E5CF-491B-B370-6A0E3B1BEBBD}.Debug|Any CPU.Build.0 = Debug|Any CPU
		{719E873D-E5CF-491B-B370-6A0E3B1BEBBD}.Release|Any CPU.ActiveCfg = Release|Any CPU
		{719E873D-E5CF-491B-B370-6A0E3B1BEBBD}.Release|Any CPU.Build.0 = Release|Any CPU
	EndGlobalSection
	GlobalSection(SolutionProperties) = preSolution
		HideSolutionNode = FALSE
	EndGlobalSection
	GlobalSection(NestedProjects) = preSolution
		{8E0E1685-D77E-4447-9F3B-3E025A2BE642} = {1A2E3556-C4CC-448F-A73B-4BB5772C7C6A}
		{4B54CAFC-EB31-4542-9B6C-8641D30A2C36} = {1A2E3556-C4CC-448F-A73B-4BB5772C7C6A}
		{FAA015E4-8B3A-4C97-9AB3-71D18075A8D1} = {264DB62C-6C82-490B-922A-6369B851BB37}
		{1ADB72E4-A808-4BB3-B780-3A591197ED97} = {1A2E3556-C4CC-448F-A73B-4BB5772C7C6A}
		{1E76D29F-435B-4874-BB7A-6A1D386558EE} = {264DB62C-6C82-490B-922A-6369B851BB37}
		{1361FC86-9A14-437A-B256-2FAD1FEBF8A9} = {1A2E3556-C4CC-448F-A73B-4BB5772C7C6A}
		{88DD2FD5-A146-420E-979E-801ED848064A} = {264DB62C-6C82-490B-922A-6369B851BB37}
		{F70021E8-EF11-4418-88BC-7BDDC310E0E2} = {264DB62C-6C82-490B-922A-6369B851BB37}
		{AEA007D5-3B50-47C1-9038-230739AB7A1C} = {264DB62C-6C82-490B-922A-6369B851BB37}
		{D8615768-5F88-4A35-9A03-F75FB37D6FC7} = {264DB62C-6C82-490B-922A-6369B851BB37}
		{B2B414B4-9E74-4773-AB4F-9C4560A64A53} = {264DB62C-6C82-490B-922A-6369B851BB37}
		{2FEA2511-10A1-4D68-BF85-05E5E0AECBA3} = {264DB62C-6C82-490B-922A-6369B851BB37}
		{9053FFE0-E084-4AD4-BF63-5414E4547F38} = {264DB62C-6C82-490B-922A-6369B851BB37}
		{34CC1C49-3B3C-44A1-8183-D2C25B1BE8CE} = {1A2E3556-C4CC-448F-A73B-4BB5772C7C6A}
		{54B50F9B-ACCC-4AC4-BBC1-4C053364A487} = {1A2E3556-C4CC-448F-A73B-4BB5772C7C6A}
		{264DB62C-6C82-490B-922A-6369B851BB37} = {1A2E3556-C4CC-448F-A73B-4BB5772C7C6A}
		{E698BD42-EBEF-4D81-AE43-42D430A39932} = {2D6FFD4E-7DB1-48A4-B727-03AA24B0F714}
		{20BD18E2-78EC-444C-8490-1984342B40E4} = {E698BD42-EBEF-4D81-AE43-42D430A39932}
		{B601D20B-28F9-4743-B310-7AF0401ADE64} = {E698BD42-EBEF-4D81-AE43-42D430A39932}
		{A62FCACC-7419-4247-86D5-E13055360C74} = {B601D20B-28F9-4743-B310-7AF0401ADE64}
		{1B27893B-DD7E-42C3-8851-BB1D1CCA45D8} = {E698BD42-EBEF-4D81-AE43-42D430A39932}
		{80C20C8B-3333-4DB3-BA5F-00AF094740E3} = {E698BD42-EBEF-4D81-AE43-42D430A39932}
		{C7F1AA86-12F6-4218-A35F-87373F77338C} = {B601D20B-28F9-4743-B310-7AF0401ADE64}
		{63F3E398-AD90-47DA-A77E-7C21205C06DC} = {E698BD42-EBEF-4D81-AE43-42D430A39932}
		{F4C01A7E-D029-41DE-983F-5709E4D5D8D7} = {264DB62C-6C82-490B-922A-6369B851BB37}
		{42C99685-BF13-4DA7-856B-D1F4FBDC3D18} = {20BD18E2-78EC-444C-8490-1984342B40E4}
		{58EBAB86-E024-4D03-8D67-06C2583ED914} = {E698BD42-EBEF-4D81-AE43-42D430A39932}
		{1BF3F816-8435-419D-B281-495F5752560D} = {264DB62C-6C82-490B-922A-6369B851BB37}
		{1B01542F-B7D8-4AB6-AB53-FBBBAC178FB3} = {264DB62C-6C82-490B-922A-6369B851BB37}
		{699639FD-86BE-4493-83D7-1811A6CBCC95} = {E698BD42-EBEF-4D81-AE43-42D430A39932}
		{AD38F21A-8A57-45B0-A3DA-5E85A9038C2B} = {264DB62C-6C82-490B-922A-6369B851BB37}
		{20F8AE75-74F3-4A3E-8E17-5E3E2CDBAC88} = {264DB62C-6C82-490B-922A-6369B851BB37}
		{4A6E596F-60F5-4908-A576-5C21406098E6} = {E698BD42-EBEF-4D81-AE43-42D430A39932}
		{43E1348F-A391-44E2-923D-36850F0C86CE} = {E698BD42-EBEF-4D81-AE43-42D430A39932}
		{C7323988-B22E-4B50-AA8B-6279528B7CBD} = {E698BD42-EBEF-4D81-AE43-42D430A39932}
		{D350B534-F0A2-4C8C-9368-076E53435B83} = {20BD18E2-78EC-444C-8490-1984342B40E4}
		{7556230B-F7A2-4899-A1C4-CD40EF768C87} = {264DB62C-6C82-490B-922A-6369B851BB37}
		{757A527E-C5CE-4194-B98C-C9FFB022A508} = {E698BD42-EBEF-4D81-AE43-42D430A39932}
		{949F038C-3624-418D-AB51-245F72EB5FC8} = {E698BD42-EBEF-4D81-AE43-42D430A39932}
		{68CA28A4-B7EF-4FFF-8896-E328EF0F83F5} = {54B50F9B-ACCC-4AC4-BBC1-4C053364A487}
		{62EF8EBF-686A-4D35-8A1E-98DA7A289192} = {E698BD42-EBEF-4D81-AE43-42D430A39932}
		{DD45C6EB-DC9A-46F2-B6E9-03B9570508BC} = {E698BD42-EBEF-4D81-AE43-42D430A39932}
		{B01E17FD-798E-4792-9F7B-E55E59029240} = {E698BD42-EBEF-4D81-AE43-42D430A39932}
		{F77A9BE3-EC01-4A74-86D6-3E6F2FA2116A} = {E698BD42-EBEF-4D81-AE43-42D430A39932}
		{65983FDE-C29D-4B1C-AFA6-887BCE3BD798} = {62EF8EBF-686A-4D35-8A1E-98DA7A289192}
		{B2208AE9-64F8-4D15-AB56-F8847FCA00BB} = {264DB62C-6C82-490B-922A-6369B851BB37}
		{7CE442B0-1E75-4B90-87CC-3D6435F5B20A} = {E698BD42-EBEF-4D81-AE43-42D430A39932}
		{8AFCBC5F-6763-4195-8211-CDD3B7496CCA} = {1A2E3556-C4CC-448F-A73B-4BB5772C7C6A}
		{B38A458B-00B6-4EE4-9A90-26E29490F3E8} = {1A2E3556-C4CC-448F-A73B-4BB5772C7C6A}
		{5F42CB80-4775-4B00-9872-550B79F69F9F} = {1A2E3556-C4CC-448F-A73B-4BB5772C7C6A}
		{ABF6CC66-CA69-442C-BBAC-2EC7B5F7A6AA} = {E698BD42-EBEF-4D81-AE43-42D430A39932}
		{9D0F7A31-2CA8-453B-AA92-33F422F6000B} = {E698BD42-EBEF-4D81-AE43-42D430A39932}
		{6B3B89CA-FE44-4F2B-96CC-5541865518B4} = {E698BD42-EBEF-4D81-AE43-42D430A39932}
		{4AD2786D-3245-49FA-A268-DB7AA9335A4E} = {E698BD42-EBEF-4D81-AE43-42D430A39932}
		{7E0C16C9-31D2-4DA0-B5DE-7114EED64DF9} = {E698BD42-EBEF-4D81-AE43-42D430A39932}
		{9B06E13C-5336-4E41-BD20-F876EBB517CF} = {E698BD42-EBEF-4D81-AE43-42D430A39932}
		{524170C6-F0E4-413E-B134-9C434AD672C7} = {E698BD42-EBEF-4D81-AE43-42D430A39932}
		{F38DF9D9-EE31-4D25-BF05-6089DE3C2667} = {E698BD42-EBEF-4D81-AE43-42D430A39932}
		{E185A4C2-7C2E-4EDB-85FD-2F4237E7EF7B} = {E698BD42-EBEF-4D81-AE43-42D430A39932}
		{51324BBD-53A9-4122-8FDD-F2C0FEF98F37} = {E698BD42-EBEF-4D81-AE43-42D430A39932}
		{FC5055AE-E75B-4DFE-9CD9-D9A902C9201C} = {E698BD42-EBEF-4D81-AE43-42D430A39932}
		{03E40FED-AE23-4A4C-B2F6-1699AAA9668D} = {E698BD42-EBEF-4D81-AE43-42D430A39932}
		{65BA974C-97F4-4643-BBF2-71CC3CF47F17} = {9B06E13C-5336-4E41-BD20-F876EBB517CF}
		{CD2FE6F1-73BB-4D63-AA93-7CCAF2753EEA} = {E698BD42-EBEF-4D81-AE43-42D430A39932}
		{79FB4D83-DC57-47C7-9F49-A037B4F8A9E8} = {E698BD42-EBEF-4D81-AE43-42D430A39932}
		{7E31F4B7-C266-4F41-B467-2597B27F9134} = {E698BD42-EBEF-4D81-AE43-42D430A39932}
		{8D858705-59A2-4A7D-BCB7-55F179560CDD} = {E698BD42-EBEF-4D81-AE43-42D430A39932}
		{7B33F3E4-72BA-4812-BEBA-D039FAC0C0E8} = {1A2E3556-C4CC-448F-A73B-4BB5772C7C6A}
		{719E873D-E5CF-491B-B370-6A0E3B1BEBBD} = {7B33F3E4-72BA-4812-BEBA-D039FAC0C0E8}
		{CB0DA6E1-6B65-44CA-9D2E-2D4851D1E608} = {E698BD42-EBEF-4D81-AE43-42D430A39932}
		{AC3B22D6-03B0-409A-8602-FF9095070820} = {E698BD42-EBEF-4D81-AE43-42D430A39932}
	EndGlobalSection
	GlobalSection(ExtensibilityGlobals) = postSolution
		SolutionGuid = {A04EF571-0601-4235-8D8D-E6FC159D747D}
	EndGlobalSection
EndGlobal
