
Microsoft Visual Studio Solution File, Format Version 12.00
# Visual Studio 14
VisualStudioVersion = 14.0.24720.0
MinimumVisualStudioVersion = 10.0.40219.1
Project("{2150E333-8FDC-42A3-9474-1A3956D46DE8}") = "Source", "Source", "{1A2E3556-C4CC-448F-A73B-4BB5772C7C6A}"
EndProject
Project("{FAE04EC0-301F-11D3-BF4B-00C04F79EFBC}") = "ToracLibrary.Core", "Source\ToracLibrary.Core\ToracLibrary.Core.csproj", "{8E0E1685-D77E-4447-9F3B-3E025A2BE642}"
EndProject
Project("{FAE04EC0-301F-11D3-BF4B-00C04F79EFBC}") = "ToracLibrary.Caching", "Source\ToracLibrary.Caching\ToracLibrary.Caching.csproj", "{4B54CAFC-EB31-4542-9B6C-8641D30A2C36}"
EndProject
Project("{FAE04EC0-301F-11D3-BF4B-00C04F79EFBC}") = "ToracLibrary.ActiveDirectory", "Source\ToracLibrary.ActiveDirectory\ToracLibrary.ActiveDirectory.csproj", "{FAA015E4-8B3A-4C97-9AB3-71D18075A8D1}"
EndProject
Project("{FAE04EC0-301F-11D3-BF4B-00C04F79EFBC}") = "ToracLibrary.AspNet", "Source\ToracLibrary.AspNet\ToracLibrary.AspNet.csproj", "{1ADB72E4-A808-4BB3-B780-3A591197ED97}"
EndProject
Project("{FAE04EC0-301F-11D3-BF4B-00C04F79EFBC}") = "ToracLibrary.AspNet.AspNetMVC", "Source\ToracLibrary.AspNetMVC\ToracLibrary.AspNet.AspNetMVC.csproj", "{B38A458B-00B6-4EE4-9A90-26E29490F3E8}"
EndProject
Project("{FAE04EC0-301F-11D3-BF4B-00C04F79EFBC}") = "ToracLibrary.Core.Email", "Source\ToracLibrary.Core.Email\ToracLibrary.Core.Email.csproj", "{1E76D29F-435B-4874-BB7A-6A1D386558EE}"
EndProject
Project("{FAE04EC0-301F-11D3-BF4B-00C04F79EFBC}") = "ToracLibrary.Core.DataProviders.EntityFrameworkDP", "Source\ToracLibrary.Core.EntityFrameworkDP\ToracLibrary.Core.DataProviders.EntityFrameworkDP.csproj", "{1361FC86-9A14-437A-B256-2FAD1FEBF8A9}"
EndProject
Project("{FAE04EC0-301F-11D3-BF4B-00C04F79EFBC}") = "ToracLibrary.DIContainer", "Source\ToracLibrary.DIContainer\ToracLibrary.DIContainer.csproj", "{88DD2FD5-A146-420E-979E-801ED848064A}"
EndProject
Project("{FAE04EC0-301F-11D3-BF4B-00C04F79EFBC}") = "ToracLibrary.DynamicRunTime", "Source\ToracLibrary.DynamicRunTime\ToracLibrary.DynamicRunTime.csproj", "{F70021E8-EF11-4418-88BC-7BDDC310E0E2}"
EndProject
Project("{FAE04EC0-301F-11D3-BF4B-00C04F79EFBC}") = "ToracLibrary.ExcelEPPlus", "Source\ToracLibrary.ExcelEPPlus\ToracLibrary.ExcelEPPlus.csproj", "{AEA007D5-3B50-47C1-9038-230739AB7A1C}"
EndProject
Project("{FAE04EC0-301F-11D3-BF4B-00C04F79EFBC}") = "ToracLibrary.Core.FileZipper", "Source\ToracLibrary.FileZipper\ToracLibrary.Core.FileZipper.csproj", "{D8615768-5F88-4A35-9A03-F75FB37D6FC7}"
EndProject
Project("{FAE04EC0-301F-11D3-BF4B-00C04F79EFBC}") = "ToracLibrary.ITextSharpPdfAPI", "Source\ToracLibrary.ITextSharpPdfAPI\ToracLibrary.ITextSharpPdfAPI.csproj", "{B2B414B4-9E74-4773-AB4F-9C4560A64A53}"
EndProject
Project("{FAE04EC0-301F-11D3-BF4B-00C04F79EFBC}") = "ToracLibrary.Log4NetWrapper", "Source\ToracLibrary.Log4NetWrapper\ToracLibrary.Log4NetWrapper.csproj", "{2FEA2511-10A1-4D68-BF85-05E5E0AECBA3}"
EndProject
Project("{FAE04EC0-301F-11D3-BF4B-00C04F79EFBC}") = "ToracLibrary.MsMqServer", "Source\ToracLibrary.MsMqServer\ToracLibrary.MsMqServer.csproj", "{9053FFE0-E084-4AD4-BF63-5414E4547F38}"
EndProject
Project("{FAE04EC0-301F-11D3-BF4B-00C04F79EFBC}") = "ToracLibrary.Serialization", "Source\ToracLibrary.Serialization\ToracLibrary.Serialization.csproj", "{34CC1C49-3B3C-44A1-8183-D2C25B1BE8CE}"
EndProject
Project("{FAE04EC0-301F-11D3-BF4B-00C04F79EFBC}") = "ToracLibraryTest", "Source\ToracLibraryTest\ToracLibraryTest.csproj", "{B4CBCC69-E8E7-4C5B-A8F1-CE1C41ECC1D7}"
EndProject
Project("{2150E333-8FDC-42A3-9474-1A3956D46DE8}") = "UnitTests", "UnitTests", "{54B50F9B-ACCC-4AC4-BBC1-4C053364A487}"
EndProject
Project("{2150E333-8FDC-42A3-9474-1A3956D46DE8}") = "LessCommon", "LessCommon", "{264DB62C-6C82-490B-922A-6369B851BB37}"
EndProject
Project("{2150E333-8FDC-42A3-9474-1A3956D46DE8}") = "Docs", "Docs", "{2D6FFD4E-7DB1-48A4-B727-03AA24B0F714}"
EndProject
Project("{2150E333-8FDC-42A3-9474-1A3956D46DE8}") = "Examples", "Examples", "{E698BD42-EBEF-4D81-AE43-42D430A39932}"
EndProject
Project("{2150E333-8FDC-42A3-9474-1A3956D46DE8}") = "Sql", "Sql", "{20BD18E2-78EC-444C-8490-1984342B40E4}"
	ProjectSection(SolutionItems) = preProject
		Docs\Examples\Sql\AllSubstringsBetween2Characters.sql = Docs\Examples\Sql\AllSubstringsBetween2Characters.sql
		Docs\Examples\Sql\BitMask.sql = Docs\Examples\Sql\BitMask.sql
		CTEWithHierarchySorting.sql = CTEWithHierarchySorting.sql
		Docs\Examples\Sql\DropManagementStudioCache.sql = Docs\Examples\Sql\DropManagementStudioCache.sql
		Docs\Examples\Sql\EXECWInsert.sql = Docs\Examples\Sql\EXECWInsert.sql
		Docs\Examples\Sql\Merge.sql = Docs\Examples\Sql\Merge.sql
		Docs\Examples\Sql\PerformanceScripts.sql = Docs\Examples\Sql\PerformanceScripts.sql
		Docs\Examples\Sql\Pivot.sql = Docs\Examples\Sql\Pivot.sql
		Docs\Examples\Sql\RebuildAllIndexesInTableScript.sql = Docs\Examples\Sql\RebuildAllIndexesInTableScript.sql
		Docs\Examples\Sql\RecursiveQueryWithCTE.sql = Docs\Examples\Sql\RecursiveQueryWithCTE.sql
		Docs\Examples\Sql\RemoveAllForeignsInDb.sql = Docs\Examples\Sql\RemoveAllForeignsInDb.sql
		Docs\Examples\Sql\Transaction.sql = Docs\Examples\Sql\Transaction.sql
		Docs\Examples\Sql\UpdateWithAJoin.sql = Docs\Examples\Sql\UpdateWithAJoin.sql
	EndProjectSection
EndProject
Project("{2150E333-8FDC-42A3-9474-1A3956D46DE8}") = "ASP", "ASP", "{B601D20B-28F9-4743-B310-7AF0401ADE64}"
	ProjectSection(SolutionItems) = preProject
		Docs\Examples\ASP\WebConfigTransformation.txt = Docs\Examples\ASP\WebConfigTransformation.txt
	EndProjectSection
EndProject
Project("{2150E333-8FDC-42A3-9474-1A3956D46DE8}") = "OWIN", "OWIN", "{A62FCACC-7419-4247-86D5-E13055360C74}"
	ProjectSection(SolutionItems) = preProject
		Docs\Examples\ASP\OWIN\SimpleExampleOfFormsAuthentication.txt = Docs\Examples\ASP\OWIN\SimpleExampleOfFormsAuthentication.txt
	EndProjectSection
EndProject
Project("{2150E333-8FDC-42A3-9474-1A3956D46DE8}") = "Exchange", "Exchange", "{1B27893B-DD7E-42C3-8851-BB1D1CCA45D8}"
	ProjectSection(SolutionItems) = preProject
		Docs\Examples\Exchange\GettingContactsFromExchange.txt = Docs\Examples\Exchange\GettingContactsFromExchange.txt
	EndProjectSection
EndProject
Project("{2150E333-8FDC-42A3-9474-1A3956D46DE8}") = "IIS", "IIS", "{80C20C8B-3333-4DB3-BA5F-00AF094740E3}"
	ProjectSection(SolutionItems) = preProject
		Docs\Examples\IIS\Bind Multiple SSL Sites To 1 IP.txt = Docs\Examples\IIS\Bind Multiple SSL Sites To 1 IP.txt
	EndProjectSection
EndProject
Project("{2150E333-8FDC-42A3-9474-1A3956D46DE8}") = "JqGrid", "JqGrid", "{C7F1AA86-12F6-4218-A35F-87373F77338C}"
	ProjectSection(SolutionItems) = preProject
		Docs\Examples\ASP\JqGrid\CalendarForInlineFilteringDate.txt = Docs\Examples\ASP\JqGrid\CalendarForInlineFilteringDate.txt
		Docs\Examples\ASP\JqGrid\Example.txt = Docs\Examples\ASP\JqGrid\Example.txt
	EndProjectSection
EndProject
Project("{2150E333-8FDC-42A3-9474-1A3956D46DE8}") = "Reflection", "Reflection", "{63F3E398-AD90-47DA-A77E-7C21205C06DC}"
	ProjectSection(SolutionItems) = preProject
		Docs\Examples\Reflection\ChildPropertyInfoExample.txt = Docs\Examples\Reflection\ChildPropertyInfoExample.txt
		Docs\Examples\Reflection\SubPropertyChildMemberExpressionExample.txt = Docs\Examples\Reflection\SubPropertyChildMemberExpressionExample.txt
	EndProjectSection
EndProject
Project("{FAE04EC0-301F-11D3-BF4B-00C04F79EFBC}") = "ToracLibrary.Graphics", "Source\ToracLibrary.Graphics\ToracLibrary.Graphics.csproj", "{F4C01A7E-D029-41DE-983F-5709E4D5D8D7}"
EndProject
Project("{2150E333-8FDC-42A3-9474-1A3956D46DE8}") = "Xml Columns", "Xml Columns", "{42C99685-BF13-4DA7-856B-D1F4FBDC3D18}"
	ProjectSection(SolutionItems) = preProject
		Docs\Examples\Sql\CrossApplyWithXmlColumn.sql = Docs\Examples\Sql\CrossApplyWithXmlColumn.sql
		Docs\Examples\Sql\DeleteNode.sql = Docs\Examples\Sql\DeleteNode.sql
		Docs\Examples\Sql\DynamicUpdateWithVariableOrColumn.sql = Docs\Examples\Sql\DynamicUpdateWithVariableOrColumn.sql
		Docs\Examples\Sql\ExistsQuery.sql = Docs\Examples\Sql\ExistsQuery.sql
		Docs\Examples\Sql\InClause.sql = Docs\Examples\Sql\InClause.sql
		Docs\Examples\Sql\Insert.sql = Docs\Examples\Sql\Insert.sql
		Docs\Examples\Sql\InsertNode.sql = Docs\Examples\Sql\InsertNode.sql
		Docs\Examples\Sql\QueryXMLColumnDataType.sql = Docs\Examples\Sql\QueryXMLColumnDataType.sql
		Docs\Examples\Sql\Select.sql = Docs\Examples\Sql\Select.sql
		Docs\Examples\Sql\Update.sql = Docs\Examples\Sql\Update.sql
		Docs\Examples\Sql\UpdateXmlAttributeColumn.sql = Docs\Examples\Sql\UpdateXmlAttributeColumn.sql
		Docs\Examples\Sql\UpdateXmlElementColumn.sql = Docs\Examples\Sql\UpdateXmlElementColumn.sql
	EndProjectSection
EndProject
Project("{2150E333-8FDC-42A3-9474-1A3956D46DE8}") = "Unity DI Container", "Unity DI Container", "{4658C236-FBCE-44F7-BEBD-809A0316CFE6}"
	ProjectSection(SolutionItems) = preProject
		Docs\Examples\UnityDiContainer\UnityDiContainerExample.cs = Docs\Examples\UnityDiContainer\UnityDiContainerExample.cs
	EndProjectSection
EndProject
Project("{2150E333-8FDC-42A3-9474-1A3956D46DE8}") = "EntityFramework", "EntityFramework", "{58EBAB86-E024-4D03-8D67-06C2583ED914}"
	ProjectSection(SolutionItems) = preProject
		Docs\Examples\EntityFramework\Code First Migration Commands.txt = Docs\Examples\EntityFramework\Code First Migration Commands.txt
		Database Initalization Strategies.txt = Database Initalization Strategies.txt
		FluentApi.txt = FluentApi.txt
	EndProjectSection
EndProject
Project("{FAE04EC0-301F-11D3-BF4B-00C04F79EFBC}") = "ToracLibrary.PdfClownAPI", "Source\ToracLibrary.PdfClownAPI\ToracLibrary.PdfClownAPI.csproj", "{1BF3F816-8435-419D-B281-495F5752560D}"
EndProject
Project("{FAE04EC0-301F-11D3-BF4B-00C04F79EFBC}") = "ToracLibrary.ExcelConverterTuesPechkin", "Source\ToracLibrary.ExcelConverterTuesPechkin\ToracLibrary.ExcelConverterTuesPechkin.csproj", "{1B01542F-B7D8-4AB6-AB53-FBBBAC178FB3}"
EndProject
Global
	GlobalSection(SolutionConfigurationPlatforms) = preSolution
		Debug|Any CPU = Debug|Any CPU
		Release|Any CPU = Release|Any CPU
	EndGlobalSection
	GlobalSection(ProjectConfigurationPlatforms) = postSolution
		{8E0E1685-D77E-4447-9F3B-3E025A2BE642}.Debug|Any CPU.ActiveCfg = Debug|Any CPU
		{8E0E1685-D77E-4447-9F3B-3E025A2BE642}.Debug|Any CPU.Build.0 = Debug|Any CPU
		{8E0E1685-D77E-4447-9F3B-3E025A2BE642}.Release|Any CPU.ActiveCfg = Release|Any CPU
		{8E0E1685-D77E-4447-9F3B-3E025A2BE642}.Release|Any CPU.Build.0 = Release|Any CPU
		{4B54CAFC-EB31-4542-9B6C-8641D30A2C36}.Debug|Any CPU.ActiveCfg = Debug|Any CPU
		{4B54CAFC-EB31-4542-9B6C-8641D30A2C36}.Debug|Any CPU.Build.0 = Debug|Any CPU
		{4B54CAFC-EB31-4542-9B6C-8641D30A2C36}.Release|Any CPU.ActiveCfg = Release|Any CPU
		{4B54CAFC-EB31-4542-9B6C-8641D30A2C36}.Release|Any CPU.Build.0 = Release|Any CPU
		{FAA015E4-8B3A-4C97-9AB3-71D18075A8D1}.Debug|Any CPU.ActiveCfg = Debug|Any CPU
		{FAA015E4-8B3A-4C97-9AB3-71D18075A8D1}.Debug|Any CPU.Build.0 = Debug|Any CPU
		{FAA015E4-8B3A-4C97-9AB3-71D18075A8D1}.Release|Any CPU.ActiveCfg = Release|Any CPU
		{FAA015E4-8B3A-4C97-9AB3-71D18075A8D1}.Release|Any CPU.Build.0 = Release|Any CPU
		{1ADB72E4-A808-4BB3-B780-3A591197ED97}.Debug|Any CPU.ActiveCfg = Debug|Any CPU
		{1ADB72E4-A808-4BB3-B780-3A591197ED97}.Debug|Any CPU.Build.0 = Debug|Any CPU
		{1ADB72E4-A808-4BB3-B780-3A591197ED97}.Release|Any CPU.ActiveCfg = Release|Any CPU
		{1ADB72E4-A808-4BB3-B780-3A591197ED97}.Release|Any CPU.Build.0 = Release|Any CPU
		{B38A458B-00B6-4EE4-9A90-26E29490F3E8}.Debug|Any CPU.ActiveCfg = Debug|Any CPU
		{B38A458B-00B6-4EE4-9A90-26E29490F3E8}.Debug|Any CPU.Build.0 = Debug|Any CPU
		{B38A458B-00B6-4EE4-9A90-26E29490F3E8}.Release|Any CPU.ActiveCfg = Release|Any CPU
		{B38A458B-00B6-4EE4-9A90-26E29490F3E8}.Release|Any CPU.Build.0 = Release|Any CPU
		{1E76D29F-435B-4874-BB7A-6A1D386558EE}.Debug|Any CPU.ActiveCfg = Debug|Any CPU
		{1E76D29F-435B-4874-BB7A-6A1D386558EE}.Debug|Any CPU.Build.0 = Debug|Any CPU
		{1E76D29F-435B-4874-BB7A-6A1D386558EE}.Release|Any CPU.ActiveCfg = Release|Any CPU
		{1E76D29F-435B-4874-BB7A-6A1D386558EE}.Release|Any CPU.Build.0 = Release|Any CPU
		{1361FC86-9A14-437A-B256-2FAD1FEBF8A9}.Debug|Any CPU.ActiveCfg = Debug|Any CPU
		{1361FC86-9A14-437A-B256-2FAD1FEBF8A9}.Debug|Any CPU.Build.0 = Debug|Any CPU
		{1361FC86-9A14-437A-B256-2FAD1FEBF8A9}.Release|Any CPU.ActiveCfg = Release|Any CPU
		{1361FC86-9A14-437A-B256-2FAD1FEBF8A9}.Release|Any CPU.Build.0 = Release|Any CPU
		{88DD2FD5-A146-420E-979E-801ED848064A}.Debug|Any CPU.ActiveCfg = Debug|Any CPU
		{88DD2FD5-A146-420E-979E-801ED848064A}.Debug|Any CPU.Build.0 = Debug|Any CPU
		{88DD2FD5-A146-420E-979E-801ED848064A}.Release|Any CPU.ActiveCfg = Release|Any CPU
		{88DD2FD5-A146-420E-979E-801ED848064A}.Release|Any CPU.Build.0 = Release|Any CPU
		{F70021E8-EF11-4418-88BC-7BDDC310E0E2}.Debug|Any CPU.ActiveCfg = Debug|Any CPU
		{F70021E8-EF11-4418-88BC-7BDDC310E0E2}.Debug|Any CPU.Build.0 = Debug|Any CPU
		{F70021E8-EF11-4418-88BC-7BDDC310E0E2}.Release|Any CPU.ActiveCfg = Release|Any CPU
		{F70021E8-EF11-4418-88BC-7BDDC310E0E2}.Release|Any CPU.Build.0 = Release|Any CPU
		{AEA007D5-3B50-47C1-9038-230739AB7A1C}.Debug|Any CPU.ActiveCfg = Debug|Any CPU
		{AEA007D5-3B50-47C1-9038-230739AB7A1C}.Debug|Any CPU.Build.0 = Debug|Any CPU
		{AEA007D5-3B50-47C1-9038-230739AB7A1C}.Release|Any CPU.ActiveCfg = Release|Any CPU
		{AEA007D5-3B50-47C1-9038-230739AB7A1C}.Release|Any CPU.Build.0 = Release|Any CPU
		{D8615768-5F88-4A35-9A03-F75FB37D6FC7}.Debug|Any CPU.ActiveCfg = Debug|Any CPU
		{D8615768-5F88-4A35-9A03-F75FB37D6FC7}.Debug|Any CPU.Build.0 = Debug|Any CPU
		{D8615768-5F88-4A35-9A03-F75FB37D6FC7}.Release|Any CPU.ActiveCfg = Release|Any CPU
		{D8615768-5F88-4A35-9A03-F75FB37D6FC7}.Release|Any CPU.Build.0 = Release|Any CPU
		{B2B414B4-9E74-4773-AB4F-9C4560A64A53}.Debug|Any CPU.ActiveCfg = Debug|Any CPU
		{B2B414B4-9E74-4773-AB4F-9C4560A64A53}.Debug|Any CPU.Build.0 = Debug|Any CPU
		{B2B414B4-9E74-4773-AB4F-9C4560A64A53}.Release|Any CPU.ActiveCfg = Release|Any CPU
		{B2B414B4-9E74-4773-AB4F-9C4560A64A53}.Release|Any CPU.Build.0 = Release|Any CPU
		{2FEA2511-10A1-4D68-BF85-05E5E0AECBA3}.Debug|Any CPU.ActiveCfg = Debug|Any CPU
		{2FEA2511-10A1-4D68-BF85-05E5E0AECBA3}.Debug|Any CPU.Build.0 = Debug|Any CPU
		{2FEA2511-10A1-4D68-BF85-05E5E0AECBA3}.Release|Any CPU.ActiveCfg = Release|Any CPU
		{2FEA2511-10A1-4D68-BF85-05E5E0AECBA3}.Release|Any CPU.Build.0 = Release|Any CPU
		{9053FFE0-E084-4AD4-BF63-5414E4547F38}.Debug|Any CPU.ActiveCfg = Debug|Any CPU
		{9053FFE0-E084-4AD4-BF63-5414E4547F38}.Debug|Any CPU.Build.0 = Debug|Any CPU
		{9053FFE0-E084-4AD4-BF63-5414E4547F38}.Release|Any CPU.ActiveCfg = Release|Any CPU
		{9053FFE0-E084-4AD4-BF63-5414E4547F38}.Release|Any CPU.Build.0 = Release|Any CPU
		{34CC1C49-3B3C-44A1-8183-D2C25B1BE8CE}.Debug|Any CPU.ActiveCfg = Debug|Any CPU
		{34CC1C49-3B3C-44A1-8183-D2C25B1BE8CE}.Debug|Any CPU.Build.0 = Debug|Any CPU
		{34CC1C49-3B3C-44A1-8183-D2C25B1BE8CE}.Release|Any CPU.ActiveCfg = Release|Any CPU
		{34CC1C49-3B3C-44A1-8183-D2C25B1BE8CE}.Release|Any CPU.Build.0 = Release|Any CPU
		{B4CBCC69-E8E7-4C5B-A8F1-CE1C41ECC1D7}.Debug|Any CPU.ActiveCfg = Debug|Any CPU
		{B4CBCC69-E8E7-4C5B-A8F1-CE1C41ECC1D7}.Debug|Any CPU.Build.0 = Debug|Any CPU
		{B4CBCC69-E8E7-4C5B-A8F1-CE1C41ECC1D7}.Release|Any CPU.ActiveCfg = Release|Any CPU
		{B4CBCC69-E8E7-4C5B-A8F1-CE1C41ECC1D7}.Release|Any CPU.Build.0 = Release|Any CPU
		{F4C01A7E-D029-41DE-983F-5709E4D5D8D7}.Debug|Any CPU.ActiveCfg = Debug|Any CPU
		{F4C01A7E-D029-41DE-983F-5709E4D5D8D7}.Debug|Any CPU.Build.0 = Debug|Any CPU
		{F4C01A7E-D029-41DE-983F-5709E4D5D8D7}.Release|Any CPU.ActiveCfg = Release|Any CPU
		{F4C01A7E-D029-41DE-983F-5709E4D5D8D7}.Release|Any CPU.Build.0 = Release|Any CPU
		{1BF3F816-8435-419D-B281-495F5752560D}.Debug|Any CPU.ActiveCfg = Debug|Any CPU
		{1BF3F816-8435-419D-B281-495F5752560D}.Debug|Any CPU.Build.0 = Debug|Any CPU
		{1BF3F816-8435-419D-B281-495F5752560D}.Release|Any CPU.ActiveCfg = Release|Any CPU
		{1BF3F816-8435-419D-B281-495F5752560D}.Release|Any CPU.Build.0 = Release|Any CPU
		{1B01542F-B7D8-4AB6-AB53-FBBBAC178FB3}.Debug|Any CPU.ActiveCfg = Debug|Any CPU
		{1B01542F-B7D8-4AB6-AB53-FBBBAC178FB3}.Debug|Any CPU.Build.0 = Debug|Any CPU
		{1B01542F-B7D8-4AB6-AB53-FBBBAC178FB3}.Release|Any CPU.ActiveCfg = Release|Any CPU
		{1B01542F-B7D8-4AB6-AB53-FBBBAC178FB3}.Release|Any CPU.Build.0 = Release|Any CPU
	EndGlobalSection
	GlobalSection(SolutionProperties) = preSolution
		HideSolutionNode = FALSE
	EndGlobalSection
	GlobalSection(NestedProjects) = preSolution
		{8E0E1685-D77E-4447-9F3B-3E025A2BE642} = {1A2E3556-C4CC-448F-A73B-4BB5772C7C6A}
		{4B54CAFC-EB31-4542-9B6C-8641D30A2C36} = {1A2E3556-C4CC-448F-A73B-4BB5772C7C6A}
		{FAA015E4-8B3A-4C97-9AB3-71D18075A8D1} = {1A2E3556-C4CC-448F-A73B-4BB5772C7C6A}
		{1ADB72E4-A808-4BB3-B780-3A591197ED97} = {1A2E3556-C4CC-448F-A73B-4BB5772C7C6A}
		{B38A458B-00B6-4EE4-9A90-26E29490F3E8} = {1A2E3556-C4CC-448F-A73B-4BB5772C7C6A}
		{1E76D29F-435B-4874-BB7A-6A1D386558EE} = {264DB62C-6C82-490B-922A-6369B851BB37}
		{1361FC86-9A14-437A-B256-2FAD1FEBF8A9} = {1A2E3556-C4CC-448F-A73B-4BB5772C7C6A}
		{88DD2FD5-A146-420E-979E-801ED848064A} = {1A2E3556-C4CC-448F-A73B-4BB5772C7C6A}
		{F70021E8-EF11-4418-88BC-7BDDC310E0E2} = {264DB62C-6C82-490B-922A-6369B851BB37}
		{AEA007D5-3B50-47C1-9038-230739AB7A1C} = {264DB62C-6C82-490B-922A-6369B851BB37}
		{D8615768-5F88-4A35-9A03-F75FB37D6FC7} = {264DB62C-6C82-490B-922A-6369B851BB37}
		{B2B414B4-9E74-4773-AB4F-9C4560A64A53} = {264DB62C-6C82-490B-922A-6369B851BB37}
		{2FEA2511-10A1-4D68-BF85-05E5E0AECBA3} = {264DB62C-6C82-490B-922A-6369B851BB37}
		{9053FFE0-E084-4AD4-BF63-5414E4547F38} = {264DB62C-6C82-490B-922A-6369B851BB37}
		{34CC1C49-3B3C-44A1-8183-D2C25B1BE8CE} = {1A2E3556-C4CC-448F-A73B-4BB5772C7C6A}
		{B4CBCC69-E8E7-4C5B-A8F1-CE1C41ECC1D7} = {54B50F9B-ACCC-4AC4-BBC1-4C053364A487}
		{54B50F9B-ACCC-4AC4-BBC1-4C053364A487} = {1A2E3556-C4CC-448F-A73B-4BB5772C7C6A}
		{264DB62C-6C82-490B-922A-6369B851BB37} = {1A2E3556-C4CC-448F-A73B-4BB5772C7C6A}
		{E698BD42-EBEF-4D81-AE43-42D430A39932} = {2D6FFD4E-7DB1-48A4-B727-03AA24B0F714}
		{20BD18E2-78EC-444C-8490-1984342B40E4} = {E698BD42-EBEF-4D81-AE43-42D430A39932}
		{B601D20B-28F9-4743-B310-7AF0401ADE64} = {E698BD42-EBEF-4D81-AE43-42D430A39932}
		{A62FCACC-7419-4247-86D5-E13055360C74} = {B601D20B-28F9-4743-B310-7AF0401ADE64}
		{1B27893B-DD7E-42C3-8851-BB1D1CCA45D8} = {E698BD42-EBEF-4D81-AE43-42D430A39932}
		{80C20C8B-3333-4DB3-BA5F-00AF094740E3} = {E698BD42-EBEF-4D81-AE43-42D430A39932}
		{C7F1AA86-12F6-4218-A35F-87373F77338C} = {B601D20B-28F9-4743-B310-7AF0401ADE64}
		{63F3E398-AD90-47DA-A77E-7C21205C06DC} = {E698BD42-EBEF-4D81-AE43-42D430A39932}
		{F4C01A7E-D029-41DE-983F-5709E4D5D8D7} = {264DB62C-6C82-490B-922A-6369B851BB37}
		{42C99685-BF13-4DA7-856B-D1F4FBDC3D18} = {20BD18E2-78EC-444C-8490-1984342B40E4}
		{4658C236-FBCE-44F7-BEBD-809A0316CFE6} = {E698BD42-EBEF-4D81-AE43-42D430A39932}
		{58EBAB86-E024-4D03-8D67-06C2583ED914} = {E698BD42-EBEF-4D81-AE43-42D430A39932}
		{1BF3F816-8435-419D-B281-495F5752560D} = {264DB62C-6C82-490B-922A-6369B851BB37}
		{1B01542F-B7D8-4AB6-AB53-FBBBAC178FB3} = {264DB62C-6C82-490B-922A-6369B851BB37}
	EndGlobalSection
EndGlobal
